{
  "name": "@unlv-oe/components",
  "version": "0.5.5",
  "lockfileVersion": 1,
  "requires": true,
  "dependencies": {
    "@braintree/sanitize-url": {
      "version": "5.0.2",
      "resolved": "https://registry.npmjs.org/@braintree/sanitize-url/-/sanitize-url-5.0.2.tgz",
      "integrity": "sha512-NBEJlHWrhQucLhZGHtSxM2loSaNUMajC7KOYJLyfcdW/6goVoff2HoYI3bz8YCDN0wKGbxtUL0gx2dvHpvnWlw=="
    },
    "@stencil/core": {
      "version": "2.11.0",
      "resolved": "https://registry.npmjs.org/@stencil/core/-/core-2.11.0.tgz",
      "integrity": "sha512-/IubCWhVXCguyMUp/3zGrg3c882+RJNg/zpiKfyfJL3kRCOwe+/MD8OoAXVGdd+xAohZKIi1Ik+EHFlsptsjLg=="
    },
    "@stencil/sass": {
      "version": "1.5.2",
      "resolved": "https://registry.npmjs.org/@stencil/sass/-/sass-1.5.2.tgz",
      "integrity": "sha512-nJ93pUSylsGsMX0eLmhxh1oEljcUjj5mYjhB9ziCdoaydAdjukrUoqDCC7tdVbOcBo2hKptQyWqCtETnBGYsXQ=="
    },
    "@types/node": {
      "version": "16.11.11",
      "resolved": "https://registry.npmjs.org/@types/node/-/node-16.11.11.tgz",
      "integrity": "sha512-KB0sixD67CeecHC33MYn+eYARkqTheIRNuu97y2XMjR7Wu3XibO1vaY6VBV6O/a89SPI81cEUIYT87UqUWlZNw=="
    },
    "@types/papaparse": {
      "version": "5.3.1",
      "resolved": "https://registry.npmjs.org/@types/papaparse/-/papaparse-5.3.1.tgz",
      "integrity": "sha512-1lbngk9wty2kCyQB42LjqSa12SEop3t9wcEC7/xYr3ujTSTmv7HWKjKYXly0GkMfQ42PRb2lFPFEibDOiMXS0g==",
      "requires": {
        "@types/node": "*"
      }
    },
    "@types/sortablejs": {
      "version": "1.10.7",
      "resolved": "https://registry.npmjs.org/@types/sortablejs/-/sortablejs-1.10.7.tgz",
      "integrity": "sha512-lGCwwgpj8zW/ZmaueoPVSP7nnc9t8VqVWXS+ASX3eoUUENmiazv0rlXyTRludXzuX9ALjPsMqBu85TgJNWbTOg=="
    },
    "animate.css": {
      "version": "4.1.1",
      "resolved": "https://registry.npmjs.org/animate.css/-/animate.css-4.1.1.tgz",
      "integrity": "sha512-+mRmCTv6SbCmtYJCN4faJMNFVNN5EuCTTprDTAo7YzIGji2KADmakjVA3+8mVDkZ2Bf09vayB35lSQIex2+QaQ=="
    },
    "bulma": {
      "version": "0.9.3",
      "resolved": "https://registry.npmjs.org/bulma/-/bulma-0.9.3.tgz",
      "integrity": "sha512-0d7GNW1PY4ud8TWxdNcP6Cc8Bu7MxcntD/RRLGWuiw/s0a9P+XlH/6QoOIrmbj6o8WWJzJYhytiu9nFjTszk1g=="
    },
    "papaparse": {
      "version": "5.3.1",
      "resolved": "https://registry.npmjs.org/papaparse/-/papaparse-5.3.1.tgz",
      "integrity": "sha512-Dbt2yjLJrCwH2sRqKFFJaN5XgIASO9YOFeFP8rIBRG2Ain8mqk5r1M6DkfvqEVozVcz3r3HaUGw253hA1nLIcA=="
    },
    "sortablejs": {
      "version": "1.14.0",
      "resolved": "https://registry.npmjs.org/sortablejs/-/sortablejs-1.14.0.tgz",
      "integrity": "sha512-pBXvQCs5/33fdN1/39pPL0NZF20LeRbLQ5jtnheIPN9JQAaufGjKdWduZn4U7wCtVuzKhmRkI0DFYHYRbB2H1w=="
    }
  }
}
